Microsoft Visual Studio Solution File, Format Version 12.00
# Visual Studio 15
VisualStudioVersion = 15.0.27130.2010
MinimumVisualStudioVersion = 10.0.40219.1
Project("{FAE04EC0-301F-11D3-BF4B-00C04F79EFBC}") = "FileShareTest", "FileShareTest.csproj", "{64A3D27B-4A8F-43B4-A0AF-A4D79AABDA7D}"
EndProject
Global
	GlobalSection(SolutionConfigurationPlatforms) = preSolution
		Debug|Any CPU = Debug|Any CPU
		Release|Any CPU = Release|Any CPU
	EndGlobalSection
	GlobalSection(ProjectConfigurationPlatforms) = postSolution
		{64A3D27B-4A8F-43B4-A0AF-A4D79AABDA7D}.Debug|Any CPU.ActiveCfg = Debug|Any CPU
		{64A3D27B-4A8F-43B4-A0AF-A4D79AABDA7D}.Debug|Any CPU.Build.0 = Debug|Any CPU
		{64A3D27B-4A8F-43B4-A0AF-A4D79AABDA7D}.Release|Any CPU.ActiveCfg = Release|Any CPU
		{64A3D27B-4A8F-43B4-A0AF-A4D79AABDA7D}.Release|Any CPU.Build.0 = Release|Any CPU
	EndGlobalSection
	GlobalSection(SolutionProperties) = preSolution
		HideSolutionNode = FALSE
	EndGlobalSection
	GlobalSection(ExtensibilityGlobals) = postSolution
		SolutionGuid = {1D52A226-CDD2-4FF0-8AD7-9498BA968101}
	EndGlobalSection
EndGlobal
